
Microsoft Visual Studio Solution File, Format Version 12.00
# Visual Studio 15
VisualStudioVersion = 15.0.27213.1
MinimumVisualStudioVersion = 10.0.40219.1
Project("{FAE04EC0-301F-11D3-BF4B-00C04F79EFBC}") = "ConsoleApp4", "ConsoleApp4\ConsoleApp4.csproj", "{BCD48E80-5D4A-44A2-8FB8-BB64541A16BA}"
EndProject
Global
	GlobalSection(SolutionConfigurationPlatforms) = preSolution
		Debug|Any CPU = Debug|Any CPU
		Release|Any CPU = Release|Any CPU
	EndGlobalSection
	GlobalSection(ProjectConfigurationPlatforms) = postSolution
		{BCD48E80-5D4A-44A2-8FB8-BB64541A16BA}.Debug|Any CPU.ActiveCfg = Debug|Any CPU
		{BCD48E80-5D4A-44A2-8FB8-BB64541A16BA}.Debug|Any CPU.Build.0 = Debug|Any CPU
		{BCD48E80-5D4A-44A2-8FB8-BB64541A16BA}.Release|Any CPU.ActiveCfg = Release|Any CPU
		{BCD48E80-5D4A-44A2-8FB8-BB64541A16BA}.Release|Any CPU.Build.0 = Release|Any CPU
	EndGlobalSection
	GlobalSection(SolutionProperties) = preSolution
		HideSolutionNode = FALSE
	EndGlobalSection
	GlobalSection(ExtensibilityGlobals) = postSolution
		SolutionGuid = {3B87F74B-7962-475B-8965-F03D5BC01195}
	EndGlobalSection
EndGlobal
